// !$*UTF8*$!
{
	archiveVersion = 1;
	classes = {
	};
	objectVersion = 46;
	objects = {

/* Begin PBXBuildFile section */
		38A3BF7D1A1123F000F2B8F9 /* main.m in Sources */ = {isa = PBXBuildFile; fileRef = 38A3BF7C1A1123F000F2B8F9 /* main.m */; };
		38A3BF801A1123F000F2B8F9 /* AppDelegate.m in Sources */ = {isa = PBXBuildFile; fileRef = 38A3BF7F1A1123F000F2B8F9 /* AppDelegate.m */; };
		38A3BF831A1123F000F2B8F9 /* ViewController.m in Sources */ = {isa = PBXBuildFile; fileRef = 38A3BF821A1123F000F2B8F9 /* ViewController.m */; };
		38A3BF881A1123F000F2B8F9 /* Images.xcassets in Resources */ = {isa = PBXBuildFile; fileRef = 38A3BF871A1123F000F2B8F9 /* Images.xcassets */; };
		38A3BF971A1123F000F2B8F9 /* HaystackTests.m in Sources */ = {isa = PBXBuildFile; fileRef = 38A3BF961A1123F000F2B8F9 /* HaystackTests.m */; };
		38AF33091B4987680066E2D9 /* LaunchScreen.xib in Resources */ = {isa = PBXBuildFile; fileRef = 38AF33081B4987680066E2D9 /* LaunchScreen.xib */; };
		38AF330B1B4987770066E2D9 /* Main.storyboard in Resources */ = {isa = PBXBuildFile; fileRef = 38AF330A1B4987770066E2D9 /* Main.storyboard */; };
		38AF337D1B498A410066E2D9 /* NSArray+Class.m in Sources */ = {isa = PBXBuildFile; fileRef = 38AF33101B498A410066E2D9 /* NSArray+Class.m */; };
		38AF337E1B498A410066E2D9 /* NSData+Base64.m in Sources */ = {isa = PBXBuildFile; fileRef = 38AF33131B498A410066E2D9 /* NSData+Base64.m */; };
		38AF337F1B498A410066E2D9 /* NSDate+Additional.m in Sources */ = {isa = PBXBuildFile; fileRef = 38AF33161B498A410066E2D9 /* NSDate+Additional.m */; };
		38AF33801B498A410066E2D9 /* NSDate+Timestamp.m in Sources */ = {isa = PBXBuildFile; fileRef = 38AF33191B498A410066E2D9 /* NSDate+Timestamp.m */; };
		38AF33811B498A410066E2D9 /* NSDictionary+Class.m in Sources */ = {isa = PBXBuildFile; fileRef = 38AF331C1B498A410066E2D9 /* NSDictionary+Class.m */; };
		38AF33821B498A410066E2D9 /* NSInvocation+Argument.m in Sources */ = {isa = PBXBuildFile; fileRef = 38AF331F1B498A410066E2D9 /* NSInvocation+Argument.m */; };
		38AF33831B498A410066E2D9 /* NSObject+Property.m in Sources */ = {isa = PBXBuildFile; fileRef = 38AF33221B498A410066E2D9 /* NSObject+Property.m */; };
		38AF33841B498A410066E2D9 /* NSObject+PropertyList.m in Sources */ = {isa = PBXBuildFile; fileRef = 38AF33251B498A410066E2D9 /* NSObject+PropertyList.m */; };
		38AF33851B498A410066E2D9 /* NSObject+Runtime.m in Sources */ = {isa = PBXBuildFile; fileRef = 38AF33281B498A410066E2D9 /* NSObject+Runtime.m */; };
		38AF33861B498A410066E2D9 /* NSObject+Swizzle.m in Sources */ = {isa = PBXBuildFile; fileRef = 38AF332B1B498A410066E2D9 /* NSObject+Swizzle.m */; };
		38AF33871B498A410066E2D9 /* NSString+Additional.m in Sources */ = {isa = PBXBuildFile; fileRef = 38AF332E1B498A410066E2D9 /* NSString+Additional.m */; };
		38AF33881B498A410066E2D9 /* NSString+Random.m in Sources */ = {isa = PBXBuildFile; fileRef = 38AF33311B498A410066E2D9 /* NSString+Random.m */; };
		38AF33891B498A410066E2D9 /* NSString+Validation.m in Sources */ = {isa = PBXBuildFile; fileRef = 38AF33341B498A410066E2D9 /* NSString+Validation.m */; };
		38AF338A1B498A410066E2D9 /* NSURL+Parameters.m in Sources */ = {isa = PBXBuildFile; fileRef = 38AF33371B498A410066E2D9 /* NSURL+Parameters.m */; };
		38AF338B1B498A410066E2D9 /* UIAlertView+Short.m in Sources */ = {isa = PBXBuildFile; fileRef = 38AF333A1B498A410066E2D9 /* UIAlertView+Short.m */; };
		38AF338C1B498A410066E2D9 /* UIApplication+Information.m in Sources */ = {isa = PBXBuildFile; fileRef = 38AF333D1B498A410066E2D9 /* UIApplication+Information.m */; };
		38AF338D1B498A410066E2D9 /* UIApplication+Screenshot.m in Sources */ = {isa = PBXBuildFile; fileRef = 38AF33401B498A410066E2D9 /* UIApplication+Screenshot.m */; };
		38AF338E1B498A410066E2D9 /* UIApplication+Version.m in Sources */ = {isa = PBXBuildFile; fileRef = 38AF33431B498A410066E2D9 /* UIApplication+Version.m */; };
		38AF338F1B498A410066E2D9 /* UIButton+Position.m in Sources */ = {isa = PBXBuildFile; fileRef = 38AF33461B498A410066E2D9 /* UIButton+Position.m */; };
		38AF33901B498A410066E2D9 /* UIColor+Create.m in Sources */ = {isa = PBXBuildFile; fileRef = 38AF33491B498A410066E2D9 /* UIColor+Create.m */; };
		38AF33911B498A410066E2D9 /* UIColor+Flat.m in Sources */ = {isa = PBXBuildFile; fileRef = 38AF334C1B498A410066E2D9 /* UIColor+Flat.m */; };
		38AF33921B498A410066E2D9 /* UIDevice+Capabilities.m in Sources */ = {isa = PBXBuildFile; fileRef = 38AF334F1B498A410066E2D9 /* UIDevice+Capabilities.m */; };
		38AF33931B498A410066E2D9 /* UIDevice+DeviceInfo.m in Sources */ = {isa = PBXBuildFile; fileRef = 38AF33521B498A410066E2D9 /* UIDevice+DeviceInfo.m */; };
		38AF33941B498A410066E2D9 /* UIDevice+Hardware.m in Sources */ = {isa = PBXBuildFile; fileRef = 38AF33551B498A410066E2D9 /* UIDevice+Hardware.m */; };
		38AF33951B498A410066E2D9 /* UIDevice+Network.m in Sources */ = {isa = PBXBuildFile; fileRef = 38AF33581B498A410066E2D9 /* UIDevice+Network.m */; };
		38AF33961B498A410066E2D9 /* UIDevice+Software.m in Sources */ = {isa = PBXBuildFile; fileRef = 38AF335B1B498A410066E2D9 /* UIDevice+Software.m */; };
		38AF33971B498A410066E2D9 /* UIFont+SmallCaps.m in Sources */ = {isa = PBXBuildFile; fileRef = 38AF335E1B498A410066E2D9 /* UIFont+SmallCaps.m */; };
		38AF33981B498A410066E2D9 /* UIView+Cell.m in Sources */ = {isa = PBXBuildFile; fileRef = 38AF33611B498A410066E2D9 /* UIView+Cell.m */; };
		38AF33991B498A410066E2D9 /* UIView+Debug.m in Sources */ = {isa = PBXBuildFile; fileRef = 38AF33641B498A410066E2D9 /* UIView+Debug.m */; };
		38AF339A1B498A410066E2D9 /* UIView+Hierarchy.m in Sources */ = {isa = PBXBuildFile; fileRef = 38AF33671B498A410066E2D9 /* UIView+Hierarchy.m */; };
		38AF339B1B498A410066E2D9 /* UIView+Snapshot.m in Sources */ = {isa = PBXBuildFile; fileRef = 38AF336A1B498A410066E2D9 /* UIView+Snapshot.m */; };
		38AF339C1B498A410066E2D9 /* UIViewController+BackgroundImage.m in Sources */ = {isa = PBXBuildFile; fileRef = 38AF336D1B498A410066E2D9 /* UIViewController+BackgroundImage.m */; };
		38AF33B01B498C7B0066E2D9 /* HAYMath.m in Sources */ = {isa = PBXBuildFile; fileRef = 38AF33A51B498C7B0066E2D9 /* HAYMath.m */; };
		38AF33B11B498C7B0066E2D9 /* HAYUnitFormatter.m in Sources */ = {isa = PBXBuildFile; fileRef = 38AF33A81B498C7B0066E2D9 /* HAYUnitFormatter.m */; };
		38AF33B21B498C7B0066E2D9 /* HAYUnitFormatterPrefix.m in Sources */ = {isa = PBXBuildFile; fileRef = 38AF33AA1B498C7B0066E2D9 /* HAYUnitFormatterPrefix.m */; };
		38AF33B31B498C7B0066E2D9 /* HAYUnitFormatterUnit.m in Sources */ = {isa = PBXBuildFile; fileRef = 38AF33AC1B498C7B0066E2D9 /* HAYUnitFormatterUnit.m */; };
		38AF33B41B498C7B0066E2D9 /* HAYWeakPointer.m in Sources */ = {isa = PBXBuildFile; fileRef = 38AF33AF1B498C7B0066E2D9 /* HAYWeakPointer.m */; };
/* End PBXBuildFile section */

/* Begin PBXContainerItemProxy section */
		38A3BF911A1123F000F2B8F9 /* PBXContainerItemProxy */ = {
			isa = PBXContainerItemProxy;
			containerPortal = 38A3BF6F1A1123F000F2B8F9 /* Project object */;
			proxyType = 1;
			remoteGlobalIDString = 38A3BF761A1123F000F2B8F9;
			remoteInfo = Demo;
		};
/* End PBXContainerItemProxy section */

/* Begin PBXFileReference section */
		38A3BF771A1123F000F2B8F9 /* Demo.app */ = {isa = PBXFileReference; explicitFileType = wrapper.application; includeInIndex = 0; path = Demo.app; sourceTree = BUILT_PRODUCTS_DIR; };
		38A3BF7B1A1123F000F2B8F9 /* Info.plist */ = {isa = PBXFileReference; lastKnownFileType = text.plist.xml; path = Info.plist; sourceTree = "<group>"; };
		38A3BF7C1A1123F000F2B8F9 /* main.m */ = {isa = PBXFileReference; lastKnownFileType = sourcecode.c.objc; path = main.m; sourceTree = "<group>"; };
		38A3BF7E1A1123F000F2B8F9 /* AppDelegate.h */ = {isa = PBXFileReference; lastKnownFileType = sourcecode.c.h; path = AppDelegate.h; sourceTree = "<group>"; };
		38A3BF7F1A1123F000F2B8F9 /* AppDelegate.m */ = {isa = PBXFileReference; lastKnownFileType = sourcecode.c.objc; path = AppDelegate.m; sourceTree = "<group>"; };
		38A3BF811A1123F000F2B8F9 /* ViewController.h */ = {isa = PBXFileReference; lastKnownFileType = sourcecode.c.h; path = ViewController.h; sourceTree = "<group>"; };
		38A3BF821A1123F000F2B8F9 /* ViewController.m */ = {isa = PBXFileReference; lastKnownFileType = sourcecode.c.objc; path = ViewController.m; sourceTree = "<group>"; };
		38A3BF871A1123F000F2B8F9 /* Images.xcassets */ = {isa = PBXFileReference; lastKnownFileType = folder.assetcatalog; path = Images.xcassets; sourceTree = "<group>"; };
		38A3BF901A1123F000F2B8F9 /* HaystackTests.xctest */ = {isa = PBXFileReference; explicitFileType = wrapper.cfbundle; includeInIndex = 0; path = HaystackTests.xctest; sourceTree = BUILT_PRODUCTS_DIR; };
		38A3BF951A1123F000F2B8F9 /* Info.plist */ = {isa = PBXFileReference; lastKnownFileType = text.plist.xml; path = Info.plist; sourceTree = "<group>"; };
		38A3BF961A1123F000F2B8F9 /* HaystackTests.m */ = {isa = PBXFileReference; lastKnownFileType = sourcecode.c.objc; path = HaystackTests.m; sourceTree = "<group>"; };
		38AF33081B4987680066E2D9 /* LaunchScreen.xib */ = {isa = PBXFileReference; fileEncoding = 4; lastKnownFileType = file.xib; path = LaunchScreen.xib; sourceTree = "<group>"; };
		38AF330A1B4987770066E2D9 /* Main.storyboard */ = {isa = PBXFileReference; fileEncoding = 4; lastKnownFileType = file.storyboard; path = Main.storyboard; sourceTree = "<group>"; };
		38AF330F1B498A410066E2D9 /* NSArray+Class.h */ = {isa = PBXFileReference; fileEncoding = 4; lastKnownFileType = sourcecode.c.h; path = "NSArray+Class.h"; sourceTree = "<group>"; };
		38AF33101B498A410066E2D9 /* NSArray+Class.m */ = {isa = PBXFileReference; fileEncoding = 4; lastKnownFileType = sourcecode.c.objc; path = "NSArray+Class.m"; sourceTree = "<group>"; };
		38AF33121B498A410066E2D9 /* NSData+Base64.h */ = {isa = PBXFileReference; fileEncoding = 4; lastKnownFileType = sourcecode.c.h; path = "NSData+Base64.h"; sourceTree = "<group>"; };
		38AF33131B498A410066E2D9 /* NSData+Base64.m */ = {isa = PBXFileReference; fileEncoding = 4; lastKnownFileType = sourcecode.c.objc; path = "NSData+Base64.m"; sourceTree = "<group>"; };
		38AF33151B498A410066E2D9 /* NSDate+Additional.h */ = {isa = PBXFileReference; fileEncoding = 4; lastKnownFileType = sourcecode.c.h; path = "NSDate+Additional.h"; sourceTree = "<group>"; };
		38AF33161B498A410066E2D9 /* NSDate+Additional.m */ = {isa = PBXFileReference; fileEncoding = 4; lastKnownFileType = sourcecode.c.objc; path = "NSDate+Additional.m"; sourceTree = "<group>"; };
		38AF33181B498A410066E2D9 /* NSDate+Timestamp.h */ = {isa = PBXFileReference; fileEncoding = 4; lastKnownFileType = sourcecode.c.h; path = "NSDate+Timestamp.h"; sourceTree = "<group>"; };
		38AF33191B498A410066E2D9 /* NSDate+Timestamp.m */ = {isa = PBXFileReference; fileEncoding = 4; lastKnownFileType = sourcecode.c.objc; path = "NSDate+Timestamp.m"; sourceTree = "<group>"; };
		38AF331B1B498A410066E2D9 /* NSDictionary+Class.h */ = {isa = PBXFileReference; fileEncoding = 4; lastKnownFileType = sourcecode.c.h; path = "NSDictionary+Class.h"; sourceTree = "<group>"; };
		38AF331C1B498A410066E2D9 /* NSDictionary+Class.m */ = {isa = PBXFileReference; fileEncoding = 4; lastKnownFileType = sourcecode.c.objc; path = "NSDictionary+Class.m"; sourceTree = "<group>"; };
		38AF331E1B498A410066E2D9 /* NSInvocation+Argument.h */ = {isa = PBXFileReference; fileEncoding = 4; lastKnownFileType = sourcecode.c.h; path = "NSInvocation+Argument.h"; sourceTree = "<group>"; };
		38AF331F1B498A410066E2D9 /* NSInvocation+Argument.m */ = {isa = PBXFileReference; fileEncoding = 4; lastKnownFileType = sourcecode.c.objc; path = "NSInvocation+Argument.m"; sourceTree = "<group>"; };
		38AF33211B498A410066E2D9 /* NSObject+Property.h */ = {isa = PBXFileReference; fileEncoding = 4; lastKnownFileType = sourcecode.c.h; path = "NSObject+Property.h"; sourceTree = "<group>"; };
		38AF33221B498A410066E2D9 /* NSObject+Property.m */ = {isa = PBXFileReference; fileEncoding = 4; lastKnownFileType = sourcecode.c.objc; path = "NSObject+Property.m"; sourceTree = "<group>"; };
		38AF33241B498A410066E2D9 /* NSObject+PropertyList.h */ = {isa = PBXFileReference; fileEncoding = 4; lastKnownFileType = sourcecode.c.h; path = "NSObject+PropertyList.h"; sourceTree = "<group>"; };
		38AF33251B498A410066E2D9 /* NSObject+PropertyList.m */ = {isa = PBXFileReference; fileEncoding = 4; lastKnownFileType = sourcecode.c.objc; path = "NSObject+PropertyList.m"; sourceTree = "<group>"; };
		38AF33271B498A410066E2D9 /* NSObject+Runtime.h */ = {isa = PBXFileReference; fileEncoding = 4; lastKnownFileType = sourcecode.c.h; path = "NSObject+Runtime.h"; sourceTree = "<group>"; };
		38AF33281B498A410066E2D9 /* NSObject+Runtime.m */ = {isa = PBXFileReference; fileEncoding = 4; lastKnownFileType = sourcecode.c.objc; path = "NSObject+Runtime.m"; sourceTree = "<group>"; };
		38AF332A1B498A410066E2D9 /* NSObject+Swizzle.h */ = {isa = PBXFileReference; fileEncoding = 4; lastKnownFileType = sourcecode.c.h; path = "NSObject+Swizzle.h"; sourceTree = "<group>"; };
		38AF332B1B498A410066E2D9 /* NSObject+Swizzle.m */ = {isa = PBXFileReference; fileEncoding = 4; lastKnownFileType = sourcecode.c.objc; path = "NSObject+Swizzle.m"; sourceTree = "<group>"; };
		38AF332D1B498A410066E2D9 /* NSString+Additional.h */ = {isa = PBXFileReference; fileEncoding = 4; lastKnownFileType = sourcecode.c.h; path = "NSString+Additional.h"; sourceTree = "<group>"; };
		38AF332E1B498A410066E2D9 /* NSString+Additional.m */ = {isa = PBXFileReference; fileEncoding = 4; lastKnownFileType = sourcecode.c.objc; path = "NSString+Additional.m"; sourceTree = "<group>"; };
		38AF33301B498A410066E2D9 /* NSString+Random.h */ = {isa = PBXFileReference; fileEncoding = 4; lastKnownFileType = sourcecode.c.h; path = "NSString+Random.h"; sourceTree = "<group>"; };
		38AF33311B498A410066E2D9 /* NSString+Random.m */ = {isa = PBXFileReference; fileEncoding = 4; lastKnownFileType = sourcecode.c.objc; path = "NSString+Random.m"; sourceTree = "<group>"; };
		38AF33331B498A410066E2D9 /* NSString+Validation.h */ = {isa = PBXFileReference; fileEncoding = 4; lastKnownFileType = sourcecode.c.h; path = "NSString+Validation.h"; sourceTree = "<group>"; };
		38AF33341B498A410066E2D9 /* NSString+Validation.m */ = {isa = PBXFileReference; fileEncoding = 4; lastKnownFileType = sourcecode.c.objc; path = "NSString+Validation.m"; sourceTree = "<group>"; };
		38AF33361B498A410066E2D9 /* NSURL+Parameters.h */ = {isa = PBXFileReference; fileEncoding = 4; lastKnownFileType = sourcecode.c.h; path = "NSURL+Parameters.h"; sourceTree = "<group>"; };
		38AF33371B498A410066E2D9 /* NSURL+Parameters.m */ = {isa = PBXFileReference; fileEncoding = 4; lastKnownFileType = sourcecode.c.objc; path = "NSURL+Parameters.m"; sourceTree = "<group>"; };
		38AF33391B498A410066E2D9 /* UIAlertView+Short.h */ = {isa = PBXFileReference; fileEncoding = 4; lastKnownFileType = sourcecode.c.h; path = "UIAlertView+Short.h"; sourceTree = "<group>"; };
		38AF333A1B498A410066E2D9 /* UIAlertView+Short.m */ = {isa = PBXFileReference; fileEncoding = 4; lastKnownFileType = sourcecode.c.objc; path = "UIAlertView+Short.m"; sourceTree = "<group>"; };
		38AF333C1B498A410066E2D9 /* UIApplication+Information.h */ = {isa = PBXFileReference; fileEncoding = 4; lastKnownFileType = sourcecode.c.h; path = "UIApplication+Information.h"; sourceTree = "<group>"; };
		38AF333D1B498A410066E2D9 /* UIApplication+Information.m */ = {isa = PBXFileReference; fileEncoding = 4; lastKnownFileType = sourcecode.c.objc; path = "UIApplication+Information.m"; sourceTree = "<group>"; };
		38AF333F1B498A410066E2D9 /* UIApplication+Screenshot.h */ = {isa = PBXFileReference; fileEncoding = 4; lastKnownFileType = sourcecode.c.h; path = "UIApplication+Screenshot.h"; sourceTree = "<group>"; };
		38AF33401B498A410066E2D9 /* UIApplication+Screenshot.m */ = {isa = PBXFileReference; fileEncoding = 4; lastKnownFileType = sourcecode.c.objc; path = "UIApplication+Screenshot.m"; sourceTree = "<group>"; };
		38AF33421B498A410066E2D9 /* UIApplication+Version.h */ = {isa = PBXFileReference; fileEncoding = 4; lastKnownFileType = sourcecode.c.h; path = "UIApplication+Version.h"; sourceTree = "<group>"; };
		38AF33431B498A410066E2D9 /* UIApplication+Version.m */ = {isa = PBXFileReference; fileEncoding = 4; lastKnownFileType = sourcecode.c.objc; path = "UIApplication+Version.m"; sourceTree = "<group>"; };
		38AF33451B498A410066E2D9 /* UIButton+Position.h */ = {isa = PBXFileReference; fileEncoding = 4; lastKnownFileType = sourcecode.c.h; path = "UIButton+Position.h"; sourceTree = "<group>"; };
		38AF33461B498A410066E2D9 /* UIButton+Position.m */ = {isa = PBXFileReference; fileEncoding = 4; lastKnownFileType = sourcecode.c.objc; path = "UIButton+Position.m"; sourceTree = "<group>"; };
		38AF33481B498A410066E2D9 /* UIColor+Create.h */ = {isa = PBXFileReference; fileEncoding = 4; lastKnownFileType = sourcecode.c.h; path = "UIColor+Create.h"; sourceTree = "<group>"; };
		38AF33491B498A410066E2D9 /* UIColor+Create.m */ = {isa = PBXFileReference; fileEncoding = 4; lastKnownFileType = sourcecode.c.objc; path = "UIColor+Create.m"; sourceTree = "<group>"; };
		38AF334B1B498A410066E2D9 /* UIColor+Flat.h */ = {isa = PBXFileReference; fileEncoding = 4; lastKnownFileType = sourcecode.c.h; path = "UIColor+Flat.h"; sourceTree = "<group>"; };
		38AF334C1B498A410066E2D9 /* UIColor+Flat.m */ = {isa = PBXFileReference; fileEncoding = 4; lastKnownFileType = sourcecode.c.objc; path = "UIColor+Flat.m"; sourceTree = "<group>"; };
		38AF334E1B498A410066E2D9 /* UIDevice+Capabilities.h */ = {isa = PBXFileReference; fileEncoding = 4; lastKnownFileType = sourcecode.c.h; path = "UIDevice+Capabilities.h"; sourceTree = "<group>"; };
		38AF334F1B498A410066E2D9 /* UIDevice+Capabilities.m */ = {isa = PBXFileReference; fileEncoding = 4; lastKnownFileType = sourcecode.c.objc; path = "UIDevice+Capabilities.m"; sourceTree = "<group>"; };
		38AF33511B498A410066E2D9 /* UIDevice+DeviceInfo.h */ = {isa = PBXFileReference; fileEncoding = 4; lastKnownFileType = sourcecode.c.h; path = "UIDevice+DeviceInfo.h"; sourceTree = "<group>"; };
		38AF33521B498A410066E2D9 /* UIDevice+DeviceInfo.m */ = {isa = PBXFileReference; fileEncoding = 4; lastKnownFileType = sourcecode.c.objc; path = "UIDevice+DeviceInfo.m"; sourceTree = "<group>"; };
		38AF33541B498A410066E2D9 /* UIDevice+Hardware.h */ = {isa = PBXFileReference; fileEncoding = 4; lastKnownFileType = sourcecode.c.h; path = "UIDevice+Hardware.h"; sourceTree = "<group>"; };
		38AF33551B498A410066E2D9 /* UIDevice+Hardware.m */ = {isa = PBXFileReference; fileEncoding = 4; lastKnownFileType = sourcecode.c.objc; path = "UIDevice+Hardware.m"; sourceTree = "<group>"; };
		38AF33571B498A410066E2D9 /* UIDevice+Network.h */ = {isa = PBXFileReference; fileEncoding = 4; lastKnownFileType = sourcecode.c.h; path = "UIDevice+Network.h"; sourceTree = "<group>"; };
		38AF33581B498A410066E2D9 /* UIDevice+Network.m */ = {isa = PBXFileReference; fileEncoding = 4; lastKnownFileType = sourcecode.c.objc; path = "UIDevice+Network.m"; sourceTree = "<group>"; };
		38AF335A1B498A410066E2D9 /* UIDevice+Software.h */ = {isa = PBXFileReference; fileEncoding = 4; lastKnownFileType = sourcecode.c.h; path = "UIDevice+Software.h"; sourceTree = "<group>"; };
		38AF335B1B498A410066E2D9 /* UIDevice+Software.m */ = {isa = PBXFileReference; fileEncoding = 4; lastKnownFileType = sourcecode.c.objc; path = "UIDevice+Software.m"; sourceTree = "<group>"; };
		38AF335D1B498A410066E2D9 /* UIFont+SmallCaps.h */ = {isa = PBXFileReference; fileEncoding = 4; lastKnownFileType = sourcecode.c.h; path = "UIFont+SmallCaps.h"; sourceTree = "<group>"; };
		38AF335E1B498A410066E2D9 /* UIFont+SmallCaps.m */ = {isa = PBXFileReference; fileEncoding = 4; lastKnownFileType = sourcecode.c.objc; path = "UIFont+SmallCaps.m"; sourceTree = "<group>"; };
		38AF33601B498A410066E2D9 /* UIView+Cell.h */ = {isa = PBXFileReference; fileEncoding = 4; lastKnownFileType = sourcecode.c.h; path = "UIView+Cell.h"; sourceTree = "<group>"; };
		38AF33611B498A410066E2D9 /* UIView+Cell.m */ = {isa = PBXFileReference; fileEncoding = 4; lastKnownFileType = sourcecode.c.objc; path = "UIView+Cell.m"; sourceTree = "<group>"; };
		38AF33631B498A410066E2D9 /* UIView+Debug.h */ = {isa = PBXFileReference; fileEncoding = 4; lastKnownFileType = sourcecode.c.h; path = "UIView+Debug.h"; sourceTree = "<group>"; };
		38AF33641B498A410066E2D9 /* UIView+Debug.m */ = {isa = PBXFileReference; fileEncoding = 4; lastKnownFileType = sourcecode.c.objc; path = "UIView+Debug.m"; sourceTree = "<group>"; };
		38AF33661B498A410066E2D9 /* UIView+Hierarchy.h */ = {isa = PBXFileReference; fileEncoding = 4; lastKnownFileType = sourcecode.c.h; path = "UIView+Hierarchy.h"; sourceTree = "<group>"; };
		38AF33671B498A410066E2D9 /* UIView+Hierarchy.m */ = {isa = PBXFileReference; fileEncoding = 4; lastKnownFileType = sourcecode.c.objc; path = "UIView+Hierarchy.m"; sourceTree = "<group>"; };
		38AF33691B498A410066E2D9 /* UIView+Snapshot.h */ = {isa = PBXFileReference; fileEncoding = 4; lastKnownFileType = sourcecode.c.h; path = "UIView+Snapshot.h"; sourceTree = "<group>"; };
		38AF336A1B498A410066E2D9 /* UIView+Snapshot.m */ = {isa = PBXFileReference; fileEncoding = 4; lastKnownFileType = sourcecode.c.objc; path = "UIView+Snapshot.m"; sourceTree = "<group>"; };
		38AF336C1B498A410066E2D9 /* UIViewController+BackgroundImage.h */ = {isa = PBXFileReference; fileEncoding = 4; lastKnownFileType = sourcecode.c.h; path = "UIViewController+BackgroundImage.h"; sourceTree = "<group>"; };
		38AF336D1B498A410066E2D9 /* UIViewController+BackgroundImage.m */ = {isa = PBXFileReference; fileEncoding = 4; lastKnownFileType = sourcecode.c.objc; path = "UIViewController+BackgroundImage.m"; sourceTree = "<group>"; };
		38AF337C1B498A410066E2D9 /* Haystack.h */ = {isa = PBXFileReference; fileEncoding = 4; lastKnownFileType = sourcecode.c.h; name = Haystack.h; path = ../Haystack.h; sourceTree = "<group>"; };
		38AF33A41B498C7B0066E2D9 /* HAYMath.h */ = {isa = PBXFileReference; fileEncoding = 4; lastKnownFileType = sourcecode.c.h; path = HAYMath.h; sourceTree = "<group>"; };
		38AF33A51B498C7B0066E2D9 /* HAYMath.m */ = {isa = PBXFileReference; fileEncoding = 4; lastKnownFileType = sourcecode.c.objc; path = HAYMath.m; sourceTree = "<group>"; };
		38AF33A71B498C7B0066E2D9 /* HAYUnitFormatter.h */ = {isa = PBXFileReference; fileEncoding = 4; lastKnownFileType = sourcecode.c.h; path = HAYUnitFormatter.h; sourceTree = "<group>"; };
		38AF33A81B498C7B0066E2D9 /* HAYUnitFormatter.m */ = {isa = PBXFileReference; fileEncoding = 4; lastKnownFileType = sourcecode.c.objc; path = HAYUnitFormatter.m; sourceTree = "<group>"; };
		38AF33A91B498C7B0066E2D9 /* HAYUnitFormatterPrefix.h */ = {isa = PBXFileReference; fileEncoding = 4; lastKnownFileType = sourcecode.c.h; path = HAYUnitFormatterPrefix.h; sourceTree = "<group>"; };
		38AF33AA1B498C7B0066E2D9 /* HAYUnitFormatterPrefix.m */ = {isa = PBXFileReference; fileEncoding = 4; lastKnownFileType = sourcecode.c.objc; path = HAYUnitFormatterPrefix.m; sourceTree = "<group>"; };
		38AF33AB1B498C7B0066E2D9 /* HAYUnitFormatterUnit.h */ = {isa = PBXFileReference; fileEncoding = 4; lastKnownFileType = sourcecode.c.h; path = HAYUnitFormatterUnit.h; sourceTree = "<group>"; };
		38AF33AC1B498C7B0066E2D9 /* HAYUnitFormatterUnit.m */ = {isa = PBXFileReference; fileEncoding = 4; lastKnownFileType = sourcecode.c.objc; path = HAYUnitFormatterUnit.m; sourceTree = "<group>"; };
		38AF33AE1B498C7B0066E2D9 /* HAYWeakPointer.h */ = {isa = PBXFileReference; fileEncoding = 4; lastKnownFileType = sourcecode.c.h; path = HAYWeakPointer.h; sourceTree = "<group>"; };
		38AF33AF1B498C7B0066E2D9 /* HAYWeakPointer.m */ = {isa = PBXFileReference; fileEncoding = 4; lastKnownFileType = sourcecode.c.objc; path = HAYWeakPointer.m; sourceTree = "<group>"; };
/* End PBXFileReference section */

/* Begin PBXFrameworksBuildPhase section */
		38A3BF741A1123F000F2B8F9 /* Frameworks */ = {
			isa = PBXFrameworksBuildPhase;
			buildActionMask = 2147483647;
			files = (
			);
			runOnlyForDeploymentPostprocessing = 0;
		};
		38A3BF8D1A1123F000F2B8F9 /* Frameworks */ = {
			isa = PBXFrameworksBuildPhase;
			buildActionMask = 2147483647;
			files = (
			);
			runOnlyForDeploymentPostprocessing = 0;
		};
/* End PBXFrameworksBuildPhase section */

/* Begin PBXGroup section */
		38A3BF6E1A1123F000F2B8F9 = {
			isa = PBXGroup;
			children = (
				38AF330C1B498A2B0066E2D9 /* Haystack */,
				38A3BF791A1123F000F2B8F9 /* Demo */,
				38A3BF931A1123F000F2B8F9 /* Tests */,
				38A3BF781A1123F000F2B8F9 /* Products */,
			);
			sourceTree = "<group>";
		};
		38A3BF781A1123F000F2B8F9 /* Products */ = {
			isa = PBXGroup;
			children = (
				38A3BF771A1123F000F2B8F9 /* Demo.app */,
				38A3BF901A1123F000F2B8F9 /* HaystackTests.xctest */,
			);
			name = Products;
			sourceTree = "<group>";
		};
		38A3BF791A1123F000F2B8F9 /* Demo */ = {
			isa = PBXGroup;
			children = (
				38A3BF7E1A1123F000F2B8F9 /* AppDelegate.h */,
				38A3BF7F1A1123F000F2B8F9 /* AppDelegate.m */,
				38A3BF811A1123F000F2B8F9 /* ViewController.h */,
				38A3BF821A1123F000F2B8F9 /* ViewController.m */,
				38A3BF871A1123F000F2B8F9 /* Images.xcassets */,
				38AF33081B4987680066E2D9 /* LaunchScreen.xib */,
				38AF330A1B4987770066E2D9 /* Main.storyboard */,
				38A3BF7A1A1123F000F2B8F9 /* Supporting Files */,
			);
			path = Demo;
			sourceTree = "<group>";
		};
		38A3BF7A1A1123F000F2B8F9 /* Supporting Files */ = {
			isa = PBXGroup;
			children = (
				38A3BF7B1A1123F000F2B8F9 /* Info.plist */,
				38A3BF7C1A1123F000F2B8F9 /* main.m */,
			);
			name = "Supporting Files";
			sourceTree = "<group>";
		};
		38A3BF931A1123F000F2B8F9 /* Tests */ = {
			isa = PBXGroup;
			children = (
				38A3BF961A1123F000F2B8F9 /* HaystackTests.m */,
				38A3BF941A1123F000F2B8F9 /* Supporting Files */,
			);
			name = Tests;
			path = ../Tests;
			sourceTree = "<group>";
		};
		38A3BF941A1123F000F2B8F9 /* Supporting Files */ = {
			isa = PBXGroup;
			children = (
				38A3BF951A1123F000F2B8F9 /* Info.plist */,
			);
			name = "Supporting Files";
			sourceTree = "<group>";
		};
		38AF330C1B498A2B0066E2D9 /* Haystack */ = {
			isa = PBXGroup;
			children = (
				38AF330D1B498A410066E2D9 /* Categories */,
				38AF33A21B498C7B0066E2D9 /* Classes */,
				38AF337C1B498A410066E2D9 /* Haystack.h */,
			);
			name = Haystack;
			sourceTree = "<group>";
		};
		38AF330D1B498A410066E2D9 /* Categories */ = {
			isa = PBXGroup;
			children = (
				38AF330E1B498A410066E2D9 /* NSArray+Class */,
				38AF33111B498A410066E2D9 /* NSData+Base64 */,
				38AF33141B498A410066E2D9 /* NSDate+Additional */,
				38AF33171B498A410066E2D9 /* NSDate+Timestamp */,
				38AF331A1B498A410066E2D9 /* NSDictionary+Class */,
				38AF331D1B498A410066E2D9 /* NSInvocation+Argument */,
				38AF33201B498A410066E2D9 /* NSObject+Property */,
				38AF33231B498A410066E2D9 /* NSObject+PropertyList */,
				38AF33261B498A410066E2D9 /* NSObject+Runtime */,
				38AF33291B498A410066E2D9 /* NSObject+Swizzle */,
				38AF332C1B498A410066E2D9 /* NSString+Additional */,
				38AF332F1B498A410066E2D9 /* NSString+Random */,
				38AF33321B498A410066E2D9 /* NSString+Validation */,
				38AF33351B498A410066E2D9 /* NSURL+Parameters */,
				38AF33381B498A410066E2D9 /* UIAlertView+Short */,
				38AF333B1B498A410066E2D9 /* UIApplication+Information */,
				38AF333E1B498A410066E2D9 /* UIApplication+Screenshot */,
				38AF33411B498A410066E2D9 /* UIApplication+Version */,
				38AF33441B498A410066E2D9 /* UIButton+Position */,
				38AF33471B498A410066E2D9 /* UIColor+Create */,
				38AF334A1B498A410066E2D9 /* UIColor+Flat */,
				38AF334D1B498A410066E2D9 /* UIDevice+Capabilities */,
				38AF33501B498A410066E2D9 /* UIDevice+DeviceInfo */,
				38AF33531B498A410066E2D9 /* UIDevice+Hardware */,
				38AF33561B498A410066E2D9 /* UIDevice+Network */,
				38AF33591B498A410066E2D9 /* UIDevice+Software */,
				38AF335C1B498A410066E2D9 /* UIFont+SmallCaps */,
				38AF335F1B498A410066E2D9 /* UIView+Cell */,
				38AF33621B498A410066E2D9 /* UIView+Debug */,
				38AF33651B498A410066E2D9 /* UIView+Hierarchy */,
				38AF33681B498A410066E2D9 /* UIView+Snapshot */,
				38AF336B1B498A410066E2D9 /* UIViewController+BackgroundImage */,
			);
			name = Categories;
			path = ../Categories;
			sourceTree = "<group>";
		};
		38AF330E1B498A410066E2D9 /* NSArray+Class */ = {
			isa = PBXGroup;
			children = (
				38AF330F1B498A410066E2D9 /* NSArray+Class.h */,
				38AF33101B498A410066E2D9 /* NSArray+Class.m */,
			);
			path = "NSArray+Class";
			sourceTree = "<group>";
		};
		38AF33111B498A410066E2D9 /* NSData+Base64 */ = {
			isa = PBXGroup;
			children = (
				38AF33121B498A410066E2D9 /* NSData+Base64.h */,
				38AF33131B498A410066E2D9 /* NSData+Base64.m */,
			);
			path = "NSData+Base64";
			sourceTree = "<group>";
		};
		38AF33141B498A410066E2D9 /* NSDate+Additional */ = {
			isa = PBXGroup;
			children = (
				38AF33151B498A410066E2D9 /* NSDate+Additional.h */,
				38AF33161B498A410066E2D9 /* NSDate+Additional.m */,
			);
			path = "NSDate+Additional";
			sourceTree = "<group>";
		};
		38AF33171B498A410066E2D9 /* NSDate+Timestamp */ = {
			isa = PBXGroup;
			children = (
				38AF33181B498A410066E2D9 /* NSDate+Timestamp.h */,
				38AF33191B498A410066E2D9 /* NSDate+Timestamp.m */,
			);
			path = "NSDate+Timestamp";
			sourceTree = "<group>";
		};
		38AF331A1B498A410066E2D9 /* NSDictionary+Class */ = {
			isa = PBXGroup;
			children = (
				38AF331B1B498A410066E2D9 /* NSDictionary+Class.h */,
				38AF331C1B498A410066E2D9 /* NSDictionary+Class.m */,
			);
			path = "NSDictionary+Class";
			sourceTree = "<group>";
		};
		38AF331D1B498A410066E2D9 /* NSInvocation+Argument */ = {
			isa = PBXGroup;
			children = (
				38AF331E1B498A410066E2D9 /* NSInvocation+Argument.h */,
				38AF331F1B498A410066E2D9 /* NSInvocation+Argument.m */,
			);
			path = "NSInvocation+Argument";
			sourceTree = "<group>";
		};
		38AF33201B498A410066E2D9 /* NSObject+Property */ = {
			isa = PBXGroup;
			children = (
				38AF33211B498A410066E2D9 /* NSObject+Property.h */,
				38AF33221B498A410066E2D9 /* NSObject+Property.m */,
			);
			path = "NSObject+Property";
			sourceTree = "<group>";
		};
		38AF33231B498A410066E2D9 /* NSObject+PropertyList */ = {
			isa = PBXGroup;
			children = (
				38AF33241B498A410066E2D9 /* NSObject+PropertyList.h */,
				38AF33251B498A410066E2D9 /* NSObject+PropertyList.m */,
			);
			path = "NSObject+PropertyList";
			sourceTree = "<group>";
		};
		38AF33261B498A410066E2D9 /* NSObject+Runtime */ = {
			isa = PBXGroup;
			children = (
				38AF33271B498A410066E2D9 /* NSObject+Runtime.h */,
				38AF33281B498A410066E2D9 /* NSObject+Runtime.m */,
			);
			path = "NSObject+Runtime";
			sourceTree = "<group>";
		};
		38AF33291B498A410066E2D9 /* NSObject+Swizzle */ = {
			isa = PBXGroup;
			children = (
				38AF332A1B498A410066E2D9 /* NSObject+Swizzle.h */,
				38AF332B1B498A410066E2D9 /* NSObject+Swizzle.m */,
			);
			path = "NSObject+Swizzle";
			sourceTree = "<group>";
		};
		38AF332C1B498A410066E2D9 /* NSString+Additional */ = {
			isa = PBXGroup;
			children = (
				38AF332D1B498A410066E2D9 /* NSString+Additional.h */,
				38AF332E1B498A410066E2D9 /* NSString+Additional.m */,
			);
			path = "NSString+Additional";
			sourceTree = "<group>";
		};
		38AF332F1B498A410066E2D9 /* NSString+Random */ = {
			isa = PBXGroup;
			children = (
				38AF33301B498A410066E2D9 /* NSString+Random.h */,
				38AF33311B498A410066E2D9 /* NSString+Random.m */,
			);
			path = "NSString+Random";
			sourceTree = "<group>";
		};
		38AF33321B498A410066E2D9 /* NSString+Validation */ = {
			isa = PBXGroup;
			children = (
				38AF33331B498A410066E2D9 /* NSString+Validation.h */,
				38AF33341B498A410066E2D9 /* NSString+Validation.m */,
			);
			path = "NSString+Validation";
			sourceTree = "<group>";
		};
		38AF33351B498A410066E2D9 /* NSURL+Parameters */ = {
			isa = PBXGroup;
			children = (
				38AF33361B498A410066E2D9 /* NSURL+Parameters.h */,
				38AF33371B498A410066E2D9 /* NSURL+Parameters.m */,
			);
			path = "NSURL+Parameters";
			sourceTree = "<group>";
		};
		38AF33381B498A410066E2D9 /* UIAlertView+Short */ = {
			isa = PBXGroup;
			children = (
				38AF33391B498A410066E2D9 /* UIAlertView+Short.h */,
				38AF333A1B498A410066E2D9 /* UIAlertView+Short.m */,
			);
			path = "UIAlertView+Short";
			sourceTree = "<group>";
		};
		38AF333B1B498A410066E2D9 /* UIApplication+Information */ = {
			isa = PBXGroup;
			children = (
				38AF333C1B498A410066E2D9 /* UIApplication+Information.h */,
				38AF333D1B498A410066E2D9 /* UIApplication+Information.m */,
			);
			path = "UIApplication+Information";
			sourceTree = "<group>";
		};
		38AF333E1B498A410066E2D9 /* UIApplication+Screenshot */ = {
			isa = PBXGroup;
			children = (
				38AF333F1B498A410066E2D9 /* UIApplication+Screenshot.h */,
				38AF33401B498A410066E2D9 /* UIApplication+Screenshot.m */,
			);
			path = "UIApplication+Screenshot";
			sourceTree = "<group>";
		};
		38AF33411B498A410066E2D9 /* UIApplication+Version */ = {
			isa = PBXGroup;
			children = (
				38AF33421B498A410066E2D9 /* UIApplication+Version.h */,
				38AF33431B498A410066E2D9 /* UIApplication+Version.m */,
			);
			path = "UIApplication+Version";
			sourceTree = "<group>";
		};
		38AF33441B498A410066E2D9 /* UIButton+Position */ = {
			isa = PBXGroup;
			children = (
				38AF33451B498A410066E2D9 /* UIButton+Position.h */,
				38AF33461B498A410066E2D9 /* UIButton+Position.m */,
			);
			path = "UIButton+Position";
			sourceTree = "<group>";
		};
		38AF33471B498A410066E2D9 /* UIColor+Create */ = {
			isa = PBXGroup;
			children = (
				38AF33481B498A410066E2D9 /* UIColor+Create.h */,
				38AF33491B498A410066E2D9 /* UIColor+Create.m */,
			);
			path = "UIColor+Create";
			sourceTree = "<group>";
		};
		38AF334A1B498A410066E2D9 /* UIColor+Flat */ = {
			isa = PBXGroup;
			children = (
				38AF334B1B498A410066E2D9 /* UIColor+Flat.h */,
				38AF334C1B498A410066E2D9 /* UIColor+Flat.m */,
			);
			path = "UIColor+Flat";
			sourceTree = "<group>";
		};
		38AF334D1B498A410066E2D9 /* UIDevice+Capabilities */ = {
			isa = PBXGroup;
			children = (
				38AF334E1B498A410066E2D9 /* UIDevice+Capabilities.h */,
				38AF334F1B498A410066E2D9 /* UIDevice+Capabilities.m */,
			);
			path = "UIDevice+Capabilities";
			sourceTree = "<group>";
		};
		38AF33501B498A410066E2D9 /* UIDevice+DeviceInfo */ = {
			isa = PBXGroup;
			children = (
				38AF33511B498A410066E2D9 /* UIDevice+DeviceInfo.h */,
				38AF33521B498A410066E2D9 /* UIDevice+DeviceInfo.m */,
			);
			path = "UIDevice+DeviceInfo";
			sourceTree = "<group>";
		};
		38AF33531B498A410066E2D9 /* UIDevice+Hardware */ = {
			isa = PBXGroup;
			children = (
				38AF33541B498A410066E2D9 /* UIDevice+Hardware.h */,
				38AF33551B498A410066E2D9 /* UIDevice+Hardware.m */,
			);
			path = "UIDevice+Hardware";
			sourceTree = "<group>";
		};
		38AF33561B498A410066E2D9 /* UIDevice+Network */ = {
			isa = PBXGroup;
			children = (
				38AF33571B498A410066E2D9 /* UIDevice+Network.h */,
				38AF33581B498A410066E2D9 /* UIDevice+Network.m */,
			);
			path = "UIDevice+Network";
			sourceTree = "<group>";
		};
		38AF33591B498A410066E2D9 /* UIDevice+Software */ = {
			isa = PBXGroup;
			children = (
				38AF335A1B498A410066E2D9 /* UIDevice+Software.h */,
				38AF335B1B498A410066E2D9 /* UIDevice+Software.m */,
			);
			path = "UIDevice+Software";
			sourceTree = "<group>";
		};
		38AF335C1B498A410066E2D9 /* UIFont+SmallCaps */ = {
			isa = PBXGroup;
			children = (
				38AF335D1B498A410066E2D9 /* UIFont+SmallCaps.h */,
				38AF335E1B498A410066E2D9 /* UIFont+SmallCaps.m */,
			);
			path = "UIFont+SmallCaps";
			sourceTree = "<group>";
		};
		38AF335F1B498A410066E2D9 /* UIView+Cell */ = {
			isa = PBXGroup;
			children = (
				38AF33601B498A410066E2D9 /* UIView+Cell.h */,
				38AF33611B498A410066E2D9 /* UIView+Cell.m */,
			);
			path = "UIView+Cell";
			sourceTree = "<group>";
		};
		38AF33621B498A410066E2D9 /* UIView+Debug */ = {
			isa = PBXGroup;
			children = (
				38AF33631B498A410066E2D9 /* UIView+Debug.h */,
				38AF33641B498A410066E2D9 /* UIView+Debug.m */,
			);
			path = "UIView+Debug";
			sourceTree = "<group>";
		};
		38AF33651B498A410066E2D9 /* UIView+Hierarchy */ = {
			isa = PBXGroup;
			children = (
				38AF33661B498A410066E2D9 /* UIView+Hierarchy.h */,
				38AF33671B498A410066E2D9 /* UIView+Hierarchy.m */,
			);
			path = "UIView+Hierarchy";
			sourceTree = "<group>";
		};
		38AF33681B498A410066E2D9 /* UIView+Snapshot */ = {
			isa = PBXGroup;
			children = (
				38AF33691B498A410066E2D9 /* UIView+Snapshot.h */,
				38AF336A1B498A410066E2D9 /* UIView+Snapshot.m */,
			);
			path = "UIView+Snapshot";
			sourceTree = "<group>";
		};
		38AF336B1B498A410066E2D9 /* UIViewController+BackgroundImage */ = {
			isa = PBXGroup;
			children = (
				38AF336C1B498A410066E2D9 /* UIViewController+BackgroundImage.h */,
				38AF336D1B498A410066E2D9 /* UIViewController+BackgroundImage.m */,
			);
			path = "UIViewController+BackgroundImage";
			sourceTree = "<group>";
		};
		38AF33A21B498C7B0066E2D9 /* Classes */ = {
			isa = PBXGroup;
			children = (
				38AF33A31B498C7B0066E2D9 /* HAYMath */,
				38AF33A61B498C7B0066E2D9 /* HAYUnitFormatter */,
				38AF33AD1B498C7B0066E2D9 /* HAYWeakPointer */,
			);
			name = Classes;
			path = ../Classes;
			sourceTree = "<group>";
		};
		38AF33A31B498C7B0066E2D9 /* HAYMath */ = {
			isa = PBXGroup;
			children = (
				38AF33A41B498C7B0066E2D9 /* HAYMath.h */,
				38AF33A51B498C7B0066E2D9 /* HAYMath.m */,
			);
			path = HAYMath;
			sourceTree = "<group>";
		};
		38AF33A61B498C7B0066E2D9 /* HAYUnitFormatter */ = {
			isa = PBXGroup;
			children = (
				38AF33A71B498C7B0066E2D9 /* HAYUnitFormatter.h */,
				38AF33A81B498C7B0066E2D9 /* HAYUnitFormatter.m */,
				38AF33A91B498C7B0066E2D9 /* HAYUnitFormatterPrefix.h */,
				38AF33AA1B498C7B0066E2D9 /* HAYUnitFormatterPrefix.m */,
				38AF33AB1B498C7B0066E2D9 /* HAYUnitFormatterUnit.h */,
				38AF33AC1B498C7B0066E2D9 /* HAYUnitFormatterUnit.m */,
			);
			path = HAYUnitFormatter;
			sourceTree = "<group>";
		};
		38AF33AD1B498C7B0066E2D9 /* HAYWeakPointer */ = {
			isa = PBXGroup;
			children = (
				38AF33AE1B498C7B0066E2D9 /* HAYWeakPointer.h */,
				38AF33AF1B498C7B0066E2D9 /* HAYWeakPointer.m */,
			);
			path = HAYWeakPointer;
			sourceTree = "<group>";
		};
/* End PBXGroup section */

/* Begin PBXNativeTarget section */
		38A3BF761A1123F000F2B8F9 /* Demo */ = {
			isa = PBXNativeTarget;
			buildConfigurationList = 38A3BF9A1A1123F000F2B8F9 /* Build configuration list for PBXNativeTarget "Demo" */;
			buildPhases = (
				38A3BF731A1123F000F2B8F9 /* Sources */,
				38A3BF741A1123F000F2B8F9 /* Frameworks */,
				38A3BF751A1123F000F2B8F9 /* Resources */,
			);
			buildRules = (
			);
			dependencies = (
			);
			name = Demo;
			productName = Demo;
			productReference = 38A3BF771A1123F000F2B8F9 /* Demo.app */;
			productType = "com.apple.product-type.application";
		};
		38A3BF8F1A1123F000F2B8F9 /* HaystackTests */ = {
			isa = PBXNativeTarget;
			buildConfigurationList = 38A3BF9D1A1123F000F2B8F9 /* Build configuration list for PBXNativeTarget "HaystackTests" */;
			buildPhases = (
				38A3BF8C1A1123F000F2B8F9 /* Sources */,
				38A3BF8D1A1123F000F2B8F9 /* Frameworks */,
				38A3BF8E1A1123F000F2B8F9 /* Resources */,
			);
			buildRules = (
			);
			dependencies = (
				38A3BF921A1123F000F2B8F9 /* PBXTargetDependency */,
			);
			name = HaystackTests;
			productName = DemoTests;
			productReference = 38A3BF901A1123F000F2B8F9 /* HaystackTests.xctest */;
			productType = "com.apple.product-type.bundle.unit-test";
		};
/* End PBXNativeTarget section */

/* Begin PBXProject section */
		38A3BF6F1A1123F000F2B8F9 /* Project object */ = {
			isa = PBXProject;
			attributes = {
				LastUpgradeCheck = 0610;
				ORGANIZATIONNAME = "Dal Rupnik";
				TargetAttributes = {
					38A3BF761A1123F000F2B8F9 = {
						CreatedOnToolsVersion = 6.1;
						DevelopmentTeam = 289M6XEDV4;
					};
					38A3BF8F1A1123F000F2B8F9 = {
						CreatedOnToolsVersion = 6.1;
						TestTargetID = 38A3BF761A1123F000F2B8F9;
					};
				};
			};
			buildConfigurationList = 38A3BF721A1123F000F2B8F9 /* Build configuration list for PBXProject "Demo" */;
			compatibilityVersion = "Xcode 3.2";
			developmentRegion = English;
			hasScannedForEncodings = 0;
			knownRegions = (
				en,
				Base,
			);
			mainGroup = 38A3BF6E1A1123F000F2B8F9;
			productRefGroup = 38A3BF781A1123F000F2B8F9 /* Products */;
			projectDirPath = "";
			projectRoot = "";
			targets = (
				38A3BF761A1123F000F2B8F9 /* Demo */,
				38A3BF8F1A1123F000F2B8F9 /* HaystackTests */,
			);
		};
/* End PBXProject section */

/* Begin PBXResourcesBuildPhase section */
		38A3BF751A1123F000F2B8F9 /* Resources */ = {
			isa = PBXResourcesBuildPhase;
			buildActionMask = 2147483647;
			files = (
				38AF330B1B4987770066E2D9 /* Main.storyboard in Resources */,
				38AF33091B4987680066E2D9 /* LaunchScreen.xib in Resources */,
				38A3BF881A1123F000F2B8F9 /* Images.xcassets in Resources */,
			);
			runOnlyForDeploymentPostprocessing = 0;
		};
		38A3BF8E1A1123F000F2B8F9 /* Resources */ = {
			isa = PBXResourcesBuildPhase;
			buildActionMask = 2147483647;
			files = (
			);
			runOnlyForDeploymentPostprocessing = 0;
		};
/* End PBXResourcesBuildPhase section */

/* Begin PBXSourcesBuildPhase section */
		38A3BF731A1123F000F2B8F9 /* Sources */ = {
			isa = PBXSourcesBuildPhase;
			buildActionMask = 2147483647;
			files = (
				38AF33901B498A410066E2D9 /* UIColor+Create.m in Sources */,
				38AF339A1B498A410066E2D9 /* UIView+Hierarchy.m in Sources */,
				38AF33801B498A410066E2D9 /* NSDate+Timestamp.m in Sources */,
				38AF33861B498A410066E2D9 /* NSObject+Swizzle.m in Sources */,
				38AF33B01B498C7B0066E2D9 /* HAYMath.m in Sources */,
				38AF33871B498A410066E2D9 /* NSString+Additional.m in Sources */,
				38AF33841B498A410066E2D9 /* NSObject+PropertyList.m in Sources */,
				38A3BF831A1123F000F2B8F9 /* ViewController.m in Sources */,
				38AF338A1B498A410066E2D9 /* NSURL+Parameters.m in Sources */,
				38A3BF801A1123F000F2B8F9 /* AppDelegate.m in Sources */,
				38AF33981B498A410066E2D9 /* UIView+Cell.m in Sources */,
				38AF33911B498A410066E2D9 /* UIColor+Flat.m in Sources */,
				38AF33821B498A410066E2D9 /* NSInvocation+Argument.m in Sources */,
				38AF33B21B498C7B0066E2D9 /* HAYUnitFormatterPrefix.m in Sources */,
				38AF338D1B498A410066E2D9 /* UIApplication+Screenshot.m in Sources */,
				38AF33921B498A410066E2D9 /* UIDevice+Capabilities.m in Sources */,
				38AF33951B498A410066E2D9 /* UIDevice+Network.m in Sources */,
				38AF33961B498A410066E2D9 /* UIDevice+Software.m in Sources */,
				38AF337E1B498A410066E2D9 /* NSData+Base64.m in Sources */,
				38AF33931B498A410066E2D9 /* UIDevice+DeviceInfo.m in Sources */,
				38AF33881B498A410066E2D9 /* NSString+Random.m in Sources */,
				38A3BF7D1A1123F000F2B8F9 /* main.m in Sources */,
				38AF337D1B498A410066E2D9 /* NSArray+Class.m in Sources */,
				38AF33991B498A410066E2D9 /* UIView+Debug.m in Sources */,
				38AF33851B498A410066E2D9 /* NSObject+Runtime.m in Sources */,
				38AF33941B498A410066E2D9 /* UIDevice+Hardware.m in Sources */,
				38AF337F1B498A410066E2D9 /* NSDate+Additional.m in Sources */,
				38AF338B1B498A410066E2D9 /* UIAlertView+Short.m in Sources */,
				38AF338F1B498A410066E2D9 /* UIButton+Position.m in Sources */,
				38AF338E1B498A410066E2D9 /* UIApplication+Version.m in Sources */,
				38AF33B41B498C7B0066E2D9 /* HAYWeakPointer.m in Sources */,
				38AF339C1B498A410066E2D9 /* UIViewController+BackgroundImage.m in Sources */,
				38AF33831B498A410066E2D9 /* NSObject+Property.m in Sources */,
				38AF33B11B498C7B0066E2D9 /* HAYUnitFormatter.m in Sources */,
				38AF338C1B498A410066E2D9 /* UIApplication+Information.m in Sources */,
				38AF339B1B498A410066E2D9 /* UIView+Snapshot.m in Sources */,
				38AF33971B498A410066E2D9 /* UIFont+SmallCaps.m in Sources */,
				38AF33891B498A410066E2D9 /* NSString+Validation.m in Sources */,
				38AF33811B498A410066E2D9 /* NSDictionary+Class.m in Sources */,
				38AF33B31B498C7B0066E2D9 /* HAYUnitFormatterUnit.m in Sources */,
			);
			runOnlyForDeploymentPostprocessing = 0;
		};
		38A3BF8C1A1123F000F2B8F9 /* Sources */ = {
			isa = PBXSourcesBuildPhase;
			buildActionMask = 2147483647;
			files = (
				38A3BF971A1123F000F2B8F9 /* HaystackTests.m in Sources */,
			);
			runOnlyForDeploymentPostprocessing = 0;
		};
/* End PBXSourcesBuildPhase section */

/* Begin PBXTargetDependency section */
		38A3BF921A1123F000F2B8F9 /* PBXTargetDependency */ = {
			isa = PBXTargetDependency;
			target = 38A3BF761A1123F000F2B8F9 /* Demo */;
			targetProxy = 38A3BF911A1123F000F2B8F9 /* PBXContainerItemProxy */;
		};
/* End PBXTargetDependency section */

/* Begin XCBuildConfiguration section */
		38A3BF981A1123F000F2B8F9 /* Debug */ = {
			isa = XCBuildConfiguration;
			buildSettings = {
				ALWAYS_SEARCH_USER_PATHS = NO;
				CLANG_CXX_LANGUAGE_STANDARD = "gnu++0x";
				CLANG_CXX_LIBRARY = "libc++";
				CLANG_ENABLE_MODULES = YES;
				CLANG_ENABLE_OBJC_ARC = YES;
				CLANG_WARN_BOOL_CONVERSION = YES;
				CLANG_WARN_CONSTANT_CONVERSION = YES;
				CLANG_WARN_DIRECT_OBJC_ISA_USAGE = YES_ERROR;
				CLANG_WARN_EMPTY_BODY = YES;
				CLANG_WARN_ENUM_CONVERSION = YES;
				CLANG_WARN_INT_CONVERSION = YES;
				CLANG_WARN_OBJC_ROOT_CLASS = YES_ERROR;
				CLANG_WARN_UNREACHABLE_CODE = YES;
				CLANG_WARN__DUPLICATE_METHOD_MATCH = YES;
				"CODE_SIGN_IDENTITY[sdk=iphoneos*]" = "iPhone Developer";
				COPY_PHASE_STRIP = NO;
				ENABLE_STRICT_OBJC_MSGSEND = YES;
				GCC_C_LANGUAGE_STANDARD = gnu99;
				GCC_DYNAMIC_NO_PIC = NO;
				GCC_OPTIMIZATION_LEVEL = 0;
				GCC_PREPROCESSOR_DEFINITIONS = (
					"DEBUG=1",
					"$(inherited)",
				);
				GCC_SYMBOLS_PRIVATE_EXTERN = NO;
				GCC_WARN_64_TO_32_BIT_CONVERSION = YES;
				GCC_WARN_ABOUT_RETURN_TYPE = YES_ERROR;
				GCC_WARN_UNDECLARED_SELECTOR = YES;
				GCC_WARN_UNINITIALIZED_AUTOS = YES_AGGRESSIVE;
				GCC_WARN_UNUSED_FUNCTION = YES;
				GCC_WARN_UNUSED_VARIABLE = YES;
				IPHONEOS_DEPLOYMENT_TARGET = 8.0;
				MTL_ENABLE_DEBUG_INFO = YES;
				ONLY_ACTIVE_ARCH = YES;
				SDKROOT = iphoneos;
				TARGETED_DEVICE_FAMILY = "1,2";
			};
			name = Debug;
		};
		38A3BF991A1123F000F2B8F9 /* Release */ = {
			isa = XCBuildConfiguration;
			buildSettings = {
				ALWAYS_SEARCH_USER_PATHS = NO;
				CLANG_CXX_LANGUAGE_STANDARD = "gnu++0x";
				CLANG_CXX_LIBRARY = "libc++";
				CLANG_ENABLE_MODULES = YES;
				CLANG_ENABLE_OBJC_ARC = YES;
				CLANG_WARN_BOOL_CONVERSION = YES;
				CLANG_WARN_CONSTANT_CONVERSION = YES;
				CLANG_WARN_DIRECT_OBJC_ISA_USAGE = YES_ERROR;
				CLANG_WARN_EMPTY_BODY = YES;
				CLANG_WARN_ENUM_CONVERSION = YES;
				CLANG_WARN_INT_CONVERSION = YES;
				CLANG_WARN_OBJC_ROOT_CLASS = YES_ERROR;
				CLANG_WARN_UNREACHABLE_CODE = YES;
				CLANG_WARN__DUPLICATE_METHOD_MATCH = YES;
				"CODE_SIGN_IDENTITY[sdk=iphoneos*]" = "iPhone Developer";
				COPY_PHASE_STRIP = YES;
				ENABLE_NS_ASSERTIONS = NO;
				ENABLE_STRICT_OBJC_MSGSEND = YES;
				GCC_C_LANGUAGE_STANDARD = gnu99;
				GCC_WARN_64_TO_32_BIT_CONVERSION = YES;
				GCC_WARN_ABOUT_RETURN_TYPE = YES_ERROR;
				GCC_WARN_UNDECLARED_SELECTOR = YES;
				GCC_WARN_UNINITIALIZED_AUTOS = YES_AGGRESSIVE;
				GCC_WARN_UNUSED_FUNCTION = YES;
				GCC_WARN_UNUSED_VARIABLE = YES;
				IPHONEOS_DEPLOYMENT_TARGET = 8.0;
				MTL_ENABLE_DEBUG_INFO = NO;
				SDKROOT = iphoneos;
				TARGETED_DEVICE_FAMILY = "1,2";
				VALIDATE_PRODUCT = YES;
			};
			name = Release;
		};
		38A3BF9B1A1123F000F2B8F9 /* Debug */ = {
			isa = XCBuildConfiguration;
			buildSettings = {
				ASSETCATALOG_COMPILER_APPICON_NAME = AppIcon;
				CODE_SIGN_IDENTITY = "iPhone Developer";
				INFOPLIST_FILE = Demo/Info.plist;
				LD_RUNPATH_SEARCH_PATHS = "$(inherited) @executable_path/Frameworks";
				PRODUCT_NAME = "$(TARGET_NAME)";
			};
			name = Debug;
		};
		38A3BF9C1A1123F000F2B8F9 /* Release */ = {
			isa = XCBuildConfiguration;
			buildSettings = {
				ASSETCATALOG_COMPILER_APPICON_NAME = AppIcon;
				CODE_SIGN_IDENTITY = "iPhone Developer";
				INFOPLIST_FILE = Demo/Info.plist;
				LD_RUNPATH_SEARCH_PATHS = "$(inherited) @executable_path/Frameworks";
				PRODUCT_NAME = "$(TARGET_NAME)";
			};
			name = Release;
		};
		38A3BF9E1A1123F000F2B8F9 /* Debug */ = {
			isa = XCBuildConfiguration;
			buildSettings = {
				BUNDLE_LOADER = "$(TEST_HOST)";
				FRAMEWORK_SEARCH_PATHS = (
					"$(SDKROOT)/Developer/Library/Frameworks",
					"$(inherited)",
				);
				GCC_PREPROCESSOR_DEFINITIONS = (
					"DEBUG=1",
					"$(inherited)",
				);
				INFOPLIST_FILE = ../Tests/Info.plist;
				LD_RUNPATH_SEARCH_PATHS = "$(inherited) @executable_path/Frameworks @loader_path/Frameworks";
				PRODUCT_NAME = "$(TARGET_NAME)";
				TEST_HOST = "$(BUILT_PRODUCTS_DIR)/Demo.app/Demo";
			};
			name = Debug;
		};
		38A3BF9F1A1123F000F2B8F9 /* Release */ = {
			isa = XCBuildConfiguration;
			buildSettings = {
				BUNDLE_LOADER = "$(TEST_HOST)";
				FRAMEWORK_SEARCH_PATHS = (
					"$(SDKROOT)/Developer/Library/Frameworks",
					"$(inherited)",
				);
				INFOPLIST_FILE = ../Tests/Info.plist;
				LD_RUNPATH_SEARCH_PATHS = "$(inherited) @executable_path/Frameworks @loader_path/Frameworks";
				PRODUCT_NAME = "$(TARGET_NAME)";
				TEST_HOST = "$(BUILT_PRODUCTS_DIR)/Demo.app/Demo";
			};
			name = Release;
		};
/* End XCBuildConfiguration section */

/* Begin XCConfigurationList section */
		38A3BF721A1123F000F2B8F9 /* Build configuration list for PBXProject "Demo" */ = {
			isa = XCConfigurationList;
			buildConfigurations = (
				38A3BF981A1123F000F2B8F9 /* Debug */,
				38A3BF991A1123F000F2B8F9 /* Release */,
			);
			defaultConfigurationIsVisible = 0;
			defaultConfigurationName = Release;
		};
		38A3BF9A1A1123F000F2B8F9 /* Build configuration list for PBXNativeTarget "Demo" */ = {
			isa = XCConfigurationList;
			buildConfigurations = (
				38A3BF9B1A1123F000F2B8F9 /* Debug */,
				38A3BF9C1A1123F000F2B8F9 /* Release */,
			);
			defaultConfigurationIsVisible = 0;
			defaultConfigurationName = Release;
		};
		38A3BF9D1A1123F000F2B8F9 /* Build configuration list for PBXNativeTarget "HaystackTests" */ = {
			isa = XCConfigurationList;
			buildConfigurations = (
				38A3BF9E1A1123F000F2B8F9 /* Debug */,
				38A3BF9F1A1123F000F2B8F9 /* Release */,
			);
			defaultConfigurationIsVisible = 0;
			defaultConfigurationName = Release;
		};
/* End XCConfigurationList section */
	};
	rootObject = 38A3BF6F1A1123F000F2B8F9 /* Project object */;
}
